# GENERATED FILE - DO NOT EDIT DIRECTLY
schema_version: 1

bundle:
  version: "0.1.0-dev"
  release_sequence: 0
  channel: "development"
  source_commit: "97e8bbaa3a0734b156b03bad704503bc46d7575b"
  digest: "sha256:2a9d909c8a7468c96690c6e8bdf3437a9af6577f189a94c248c17fcb8891de04"

projection:
  input_digest: "sha256:99b18f8bbf3bc98575ead7afd77fd89d2c96f998b8b2636e40e4c6f35b49f99e"
  output_digest: "sha256:4e5aea61d9115d2ddfbb4e0cd277f2ffce90912369ea6fed910459458ecb4dfa"
  files:
    - path: ".gds/compiled-policy.json"
      digest: "sha256:80de988c2efb6f0c8be04ef2c917200081ddd58074a9b3dde83932611b60ecdc"
