# GENERATED FILE - DO NOT EDIT DIRECTLY
schema_version: 1

bundle:
  version: "0.1.0-dev"
  release_sequence: 0
  channel: "development"
  source_commit: "bb9865d7d52e72787ad8f95ab7e70a0869d784aa"
  digest: "sha256:31aa33376c01ee1e31d5e4eaca3dfc10fef2bda18dcb35eaf8989051daea32ae"

projection:
  input_digest: "sha256:c66922be540f4fc8d86ed30d4629c2fa0d1c1e9ca6a97daead79caeeec074e76"
  output_digest: "sha256:360adcf9c2fe25a173aec519c35c086ec5ac585dd167be21ed0b10a16902ce5d"
  files:
    - path: ".gds/compiled-policy.json"
      digest: "sha256:6ba190bae810e874f550984b6e014e50819a4c339487432dca5435082955ed4d"
