# GENERATED FILE - DO NOT EDIT DIRECTLY
schema_version: 1

bundle:
  version: "0.1.0-dev"
  release_sequence: 0
  channel: "development"
  source_commit: "e62fc6883e1a15a5bf7a607251f3443085a69807"
  digest: "sha256:844fe5badbf54d056c6dc15195a660113b4f292bacb144fcbc0e28ba66162fc4"

projection:
  input_digest: "sha256:a56cbe7b074d9bd2a03012046328454d929ed94979834740ffbbca862a58c709"
  output_digest: "sha256:360adcf9c2fe25a173aec519c35c086ec5ac585dd167be21ed0b10a16902ce5d"
  files:
    - path: ".gds/compiled-policy.json"
      digest: "sha256:6ba190bae810e874f550984b6e014e50819a4c339487432dca5435082955ed4d"
